PODS:
  - app_links (6.4.1):
    - Flutter
  - appmetrica_plugin (3.4.0):
    - AppMetricaAnalytics (~> 5.14)
    - AppMetricaLibraryAdapter (~> 5.14)
    - Flutter
  - appmetrica_push_plugin (2.4.0):
    - appmetrica_plugin
    - AppMetricaPush (~> 3.1)
    - Flutter
  - AppMetricaAdSupport (5.16.1):
    - AppMetricaCore (= 5.16.1)
    - AppMetricaCoreExtension (= 5.16.1)
  - AppMetricaAnalytics (5.16.1):
    - AppMetricaAdSupport (= 5.16.1)
    - AppMetricaCore (= 5.16.1)
    - AppMetricaCrashes (= 5.16.1)
    - AppMetricaIDSync (= 5.16.1)
    - AppMetricaScreenshot (= 5.16.1)
    - AppMetricaWebKit (= 5.16.1)
  - AppMetricaCore (5.16.1):
    - AppMetricaCoreUtils (= 5.16.1)
    - AppMetricaEncodingUtils (= 5.16.1)
    - AppMetricaFMDB (= 5.16.1)
    - AppMetricaHostState (= 5.16.1)
    - AppMetricaIdentifiers (= 5.16.1)
    - AppMetricaKeychain (= 5.16.1)
    - AppMetricaLog (= 5.16.1)
    - AppMetricaNetwork (= 5.16.1)
    - AppMetricaPlatform (= 5.16.1)
    - AppMetricaProtobuf (= 5.16.1)
    - AppMetricaProtobufUtils (= 5.16.1)
    - AppMetricaStorageUtils (= 5.16.1)
  - AppMetricaCoreExtension (5.16.1):
    - AppMetricaCore (= 5.16.1)
    - AppMetricaStorageUtils (= 5.16.1)
  - AppMetricaCoreUtils (5.16.1):
    - AppMetricaLog (= 5.16.1)
  - AppMetricaCrashes (5.16.1):
    - AppMetricaCore (= 5.16.1)
    - AppMetricaCoreExtension (= 5.16.1)
    - AppMetricaCoreUtils (= 5.16.1)
    - AppMetricaEncodingUtils (= 5.16.1)
    - AppMetricaHostState (= 5.16.1)
    - AppMetricaLog (= 5.16.1)
    - AppMetricaPlatform (= 5.16.1)
    - AppMetricaProtobufUtils (= 5.16.1)
    - AppMetricaStorageUtils (= 5.16.1)
    - KSCrash/Recording (< 2.2.0, >= 2.1.0)
  - AppMetricaEncodingUtils (5.16.1):
    - AppMetricaCoreUtils (= 5.16.1)
    - AppMetricaLog (= 5.16.1)
    - AppMetricaPlatform (= 5.16.1)
  - AppMetricaFMDB (5.16.1)
  - AppMetricaHostState (5.16.1):
    - AppMetricaCoreUtils (= 5.16.1)
    - AppMetricaLog (= 5.16.1)
  - AppMetricaIdentifiers (5.16.1):
    - AppMetricaKeychain (= 5.16.1)
    - AppMetricaLogSwift (= 5.16.1)
    - AppMetricaPlatform (= 5.16.1)
    - AppMetricaStorageUtils (= 5.16.1)
    - AppMetricaSynchronization (= 5.16.1)
  - AppMetricaIDSync (5.16.1):
    - AppMetricaCore (= 5.16.1)
    - AppMetricaCoreExtension (= 5.16.1)
    - AppMetricaCoreUtils (= 5.16.1)
    - AppMetricaLog (= 5.16.1)
    - AppMetricaNetwork (= 5.16.1)
    - AppMetricaPlatform (= 5.16.1)
    - AppMetricaStorageUtils (= 5.16.1)
  - AppMetricaKeychain (5.16.1):
    - AppMetricaCoreUtils (= 5.16.1)
    - AppMetricaLog (= 5.16.1)
    - AppMetricaStorageUtils (= 5.16.1)
  - AppMetricaLibraryAdapter (5.16.1):
    - AppMetricaCore (= 5.16.1)
    - AppMetricaCoreExtension (= 5.16.1)
  - AppMetricaLog (5.16.1)
  - AppMetricaLogSwift (5.16.1):
    - AppMetricaLog (= 5.16.1)
  - AppMetricaNetwork (5.16.1):
    - AppMetricaCoreUtils (= 5.16.1)
    - AppMetricaLog (= 5.16.1)
    - AppMetricaPlatform (= 5.16.1)
  - AppMetricaPlatform (5.16.1):
    - AppMetricaCoreUtils (= 5.16.1)
    - AppMetricaLog (= 5.16.1)
  - AppMetricaProtobuf (5.16.1)
  - AppMetricaProtobufUtils (5.16.1):
    - AppMetricaProtobuf (= 5.16.1)
  - AppMetricaPush (3.2.0):
    - AppMetricaCore (~> 5.9)
    - AppMetricaCoreExtension (~> 5.9)
    - AppMetricaCoreUtils (~> 5.9)
  - AppMetricaScreenshot (5.16.1):
    - AppMetricaCore (= 5.16.1)
    - AppMetricaCoreExtension (= 5.16.1)
    - AppMetricaStorageUtils (= 5.16.1)
  - AppMetricaStorageUtils (5.16.1):
    - AppMetricaCoreUtils (= 5.16.1)
    - AppMetricaLog (= 5.16.1)
  - AppMetricaSynchronization (5.16.1):
    - AppMetricaLogSwift (= 5.16.1)
  - AppMetricaWebKit (5.16.1):
    - AppMetricaCore (= 5.16.1)
    - AppMetricaCoreUtils (= 5.16.1)
    - AppMetricaLog (= 5.16.1)
  - Flutter (1.0.0)
  - flutter_native_splash (2.4.3):
    - Flutter
  - flutter_secure_storage (6.0.0):
    - Flutter
  - integration_test (0.0.1):
    - Flutter
  - KSCrash/Core (2.1.2)
  - KSCrash/Recording (2.1.2):
    - KSCrash/RecordingCore
  - KSCrash/RecordingCore (2.1.2):
    - KSCrash/Core
  - path_provider_foundation (0.0.1):
    - Flutter
    - FlutterMacOS
  - permission_handler_apple (9.4.8):
    - Flutter
  - shared_preferences_foundation (0.0.1):
    - Flutter
    - FlutterMacOS
  - sqflite_darwin (0.0.4):
    - Flutter
    - FlutterMacOS
  - url_launcher_ios (0.0.1):
    - Flutter

DEPENDENCIES:
  - app_links (from `.symlinks/plugins/app_links/ios`)
  - appmetrica_plugin (from `.symlinks/plugins/appmetrica_plugin/ios`)
  - appmetrica_push_plugin (from `.symlinks/plugins/appmetrica_push_plugin/ios`)
  - Flutter (from `Flutter`)
  - flutter_native_splash (from `.symlinks/plugins/flutter_native_splash/ios`)
  - flutter_secure_storage (from `.symlinks/plugins/flutter_secure_storage/ios`)
  - integration_test (from `.symlinks/plugins/integration_test/ios`)
  - path_provider_foundation (from `.symlinks/plugins/path_provider_foundation/darwin`)
  - permission_handler_apple (from `.symlinks/plugins/permission_handler_apple/ios`)
  - shared_preferences_foundation (from `.symlinks/plugins/shared_preferences_foundation/darwin`)
  - sqflite_darwin (from `.symlinks/plugins/sqflite_darwin/darwin`)
  - url_launcher_ios (from `.symlinks/plugins/url_launcher_ios/ios`)

SPEC REPOS:
  trunk:
    - AppMetricaAdSupport
    - AppMetricaAnalytics
    - AppMetricaCore
    - AppMetricaCoreExtension
    - AppMetricaCoreUtils
    - AppMetricaCrashes
    - AppMetricaEncodingUtils
    - AppMetricaFMDB
    - AppMetricaHostState
    - AppMetricaIdentifiers
    - AppMetricaIDSync
    - AppMetricaKeychain
    - AppMetricaLibraryAdapter
    - AppMetricaLog
    - AppMetricaLogSwift
    - AppMetricaNetwork
    - AppMetricaPlatform
    - AppMetricaProtobuf
    - AppMetricaProtobufUtils
    - AppMetricaPush
    - AppMetricaScreenshot
    - AppMetricaStorageUtils
    - AppMetricaSynchronization
    - AppMetricaWebKit
    - KSCrash

EXTERNAL SOURCES:
  app_links:
    :path: ".symlinks/plugins/app_links/ios"
  appmetrica_plugin:
    :path: ".symlinks/plugins/appmetrica_plugin/ios"
  appmetrica_push_plugin:
    :path: ".symlinks/plugins/appmetrica_push_plugin/ios"
  Flutter:
    :path: Flutter
  flutter_native_splash:
    :path: ".symlinks/plugins/flutter_native_splash/ios"
  flutter_secure_storage:
    :path: ".symlinks/plugins/flutter_secure_storage/ios"
  integration_test:
    :path: ".symlinks/plugins/integration_test/ios"
  path_provider_foundation:
    :path: ".symlinks/plugins/path_provider_foundation/darwin"
  permission_handler_apple:
    :path: ".symlinks/plugins/permission_handler_apple/ios"
  shared_preferences_foundation:
    :path: ".symlinks/plugins/shared_preferences_foundation/darwin"
  sqflite_darwin:
    :path: ".symlinks/plugins/sqflite_darwin/darwin"
  url_launcher_ios:
    :path: ".symlinks/plugins/url_launcher_ios/ios"

SPEC CHECKSUMS:
  app_links: 3dbc685f76b1693c66a6d9dd1e9ab6f73d97dc0a
  appmetrica_plugin: 2a19122bfdc28fae59ab170d7b30a9d712434c5c
  appmetrica_push_plugin: 2fc64adc23dba194e347d3886b0258e6dc052fd6
  AppMetricaAdSupport: de54aa3376d4ebcfa540861623f84e843c7dce12
  AppMetricaAnalytics: b53239bddc143828f4fe5c63aa670eec09984f99
  AppMetricaCore: 711814df28f1b75f2232ecd798a60fb0fdc826db
  AppMetricaCoreExtension: 6b5ada2b539ad31349de6d5ac15e808b17fd836c
  AppMetricaCoreUtils: 5a922f36177a944d58f8a84207efd6d6cf673e83
  AppMetricaCrashes: 786301661b91df021946a6e648e6d2f11ba22604
  AppMetricaEncodingUtils: 1fc6d2e91e9048f83df7c2724b58d2e9d5cef054
  AppMetricaFMDB: 005ff44f17f5b534e3c54cc7ffefbe480f37c254
  AppMetricaHostState: f7f3d6647364c8681601f27e881bf05808445eae
  AppMetricaIdentifiers: 2bde45276896ffd749017f23d8e76b0ccb14c790
  AppMetricaIDSync: 954722f814e1bc78cde9bc1cbabb5b7bdb54786f
  AppMetricaKeychain: 0c76fbc8239f8a383418416bbc0ea52f8b25f84f
  AppMetricaLibraryAdapter: 1b3bac2303ac741e71f930fb267427e0cc6196a8
  AppMetricaLog: 1416c93d803f89a615c6b523a6d97981acd757f6
  AppMetricaLogSwift: 1f94dba530a8119cee8458501980f7cdaf1b50d8
  AppMetricaNetwork: d0a11751b42870ad89e6cb72ad93f39390a2b969
  AppMetricaPlatform: fd1aa3684ef55817e0303327cae6201e65770ee3
  AppMetricaProtobuf: ed13c8fbc7e17a0f8385f8f676b7736322fc776a
  AppMetricaProtobufUtils: ff838fedd01329be068074e877a5e0db207d74ee
  AppMetricaPush: fb01cba820a21bbd1575026cf8108d045d8b563d
  AppMetricaScreenshot: 34696107baca6dc13b3a2641af3bd1f194c7d31e
  AppMetricaStorageUtils: 11812b909635f3c301018433a563af86e1e9f6cb
  AppMetricaSynchronization: 4519548e7cc60ea726dd7413afad5ebf3978c71d
  AppMetricaWebKit: b02cb4a84cc492d1867d7306da4ef5d814b6e8bc
  Flutter: e0871f40cf51350855a761d2e70bf5af5b9b5de7
  flutter_native_splash: c32d145d68aeda5502d5f543ee38c192065986cf
  flutter_secure_storage: 1ed9476fba7e7a782b22888f956cce43e2c62f13
  integration_test: 4a889634ef21a45d28d50d622cf412dc6d9f586e
  KSCrash: bd950ede6c40a50bfc9f246c38a7f3408705fa3c
  path_provider_foundation: 080d55be775b7414fd5a5ef3ac137b97b097e564
  permission_handler_apple: 92d754bbaa7361d436db2d6c3c1c2a0fdcec462e
  shared_preferences_foundation: 9e1978ff2562383bd5676f64ec4e9aa8fa06a6f7
  sqflite_darwin: 20b2a3a3b70e43edae938624ce550a3cbf66a3d0
  url_launcher_ios: 694010445543906933d732453a59da0a173ae33d

PODFILE CHECKSUM: f79e1872da79a29354b04cf03619f8f3d69fe58e

COCOAPODS: 1.16.2
